
Microsoft Visual Studio Solution File, Format Version 12.00
# Visual Studio Version 17
VisualStudioVersion = 17.0.32014.148
MinimumVisualStudioVersion = 10.0.40219.1
Project("{FAE04EC0-301F-11D3-BF4B-00C04F79EFBC}") = "SnakeLadderProject", "SnakeLadderProject\SnakeLadderProject.csproj", "{6981F9DE-9941-4757-B31A-39618473B62A}"
EndProject
Global
	GlobalSection(SolutionConfigurationPlatforms) = preSolution
		Debug|Any CPU = Debug|Any CPU
		Release|Any CPU = Release|Any CPU
	EndGlobalSection
	GlobalSection(ProjectConfigurationPlatforms) = postSolution
		{6981F9DE-9941-4757-B31A-39618473B62A}.Debug|Any CPU.ActiveCfg = Debug|Any CPU
		{6981F9DE-9941-4757-B31A-39618473B62A}.Debug|Any CPU.Build.0 = Debug|Any CPU
		{6981F9DE-9941-4757-B31A-39618473B62A}.Release|Any CPU.ActiveCfg = Release|Any CPU
		{6981F9DE-9941-4757-B31A-39618473B62A}.Release|Any CPU.Build.0 = Release|Any CPU
	EndGlobalSection
	GlobalSection(SolutionProperties) = preSolution
		HideSolutionNode = FALSE
	EndGlobalSection
	GlobalSection(ExtensibilityGlobals) = postSolution
		SolutionGuid = {910E1BE5-7E30-487E-874E-4E4EB02FC461}
	EndGlobalSection
EndGlobal
